// !$*UTF8*$!
{
	archiveVersion = 1;
	classes = {
	};
	objectVersion = 56;
	objects = {

/* Begin PBXBuildFile section */
		D947FBF42F19B23C00F527DC /* CencoMoviesSWUIApp.swift in Sources */ = {isa = PBXBuildFile; fileRef = D947FBF32F19B23C00F527DC /* CencoMoviesSWUIApp.swift */; };
		D947FBF62F19B23C00F527DC /* ContentView.swift in Sources */ = {isa = PBXBuildFile; fileRef = D947FBF52F19B23C00F527DC /* ContentView.swift */; };
		D947FBF82F19B23E00F527DC /* Assets.xcassets in Resources */ = {isa = PBXBuildFile; fileRef = D947FBF72F19B23E00F527DC /* Assets.xcassets */; };
		D947FBFB2F19B23E00F527DC /* Preview Assets.xcassets in Resources */ = {isa = PBXBuildFile; fileRef = D947FBFA2F19B23E00F527DC /* Preview Assets.xcassets */; };
		D947FC062F19B29500F527DC /* HomeView.swift in Sources */ = {isa = PBXBuildFile; fileRef = D947FC052F19B29500F527DC /* HomeView.swift */; };
		D947FC082F19B37100F527DC /* MoviePopularView.swift in Sources */ = {isa = PBXBuildFile; fileRef = D947FC072F19B37100F527DC /* MoviePopularView.swift */; };
		D947FC0A2F19B38300F527DC /* MovieTopRatesView.swift in Sources */ = {isa = PBXBuildFile; fileRef = D947FC092F19B38300F527DC /* MovieTopRatesView.swift */; };
		D947FC0C2F19B57600F527DC /* webServicesPopular.swift in Sources */ = {isa = PBXBuildFile; fileRef = D947FC0B2F19B57600F527DC /* webServicesPopular.swift */; };
		D947FC0E2F19B5C500F527DC /* MoviesResult.swift in Sources */ = {isa = PBXBuildFile; fileRef = D947FC0D2F19B5C500F527DC /* MoviesResult.swift */; };
		D947FC102F19B62D00F527DC /* APIEndpointModel.swift in Sources */ = {isa = PBXBuildFile; fileRef = D947FC0F2F19B62D00F527DC /* APIEndpointModel.swift */; };
		D947FC132F19B68700F527DC /* endpointsDev.plist in Resources */ = {isa = PBXBuildFile; fileRef = D947FC122F19B68700F527DC /* endpointsDev.plist */; };
		D947FC152F19B70900F527DC /* webServicesTopRates.swift in Sources */ = {isa = PBXBuildFile; fileRef = D947FC142F19B70900F527DC /* webServicesTopRates.swift */; };
		D947FC172F19B86B00F527DC /* PopularViewModel.swift in Sources */ = {isa = PBXBuildFile; fileRef = D947FC162F19B86B00F527DC /* PopularViewModel.swift */; };
		D947FC192F19B8A000F527DC /* TopRatesViewModel.swift in Sources */ = {isa = PBXBuildFile; fileRef = D947FC182F19B8A000F527DC /* TopRatesViewModel.swift */; };
		D947FC1C2F1B076700F527DC /* LaunchView.swift in Sources */ = {isa = PBXBuildFile; fileRef = D947FC1B2F1B076700F527DC /* LaunchView.swift */; };
		D947FC1E2F1B0A5300F527DC /* MovieDetailView.swift in Sources */ = {isa = PBXBuildFile; fileRef = D947FC1D2F1B0A5300F527DC /* MovieDetailView.swift */; };
		D947FC262F1B127500F527DC /* CencoMoviesSWUITests.swift in Sources */ = {isa = PBXBuildFile; fileRef = D947FC252F1B127500F527DC /* CencoMoviesSWUITests.swift */; };
		D947FC2D2F1B12A100F527DC /* PopularViewModelTests.swift in Sources */ = {isa = PBXBuildFile; fileRef = D947FC2C2F1B12A100F527DC /* PopularViewModelTests.swift */; };
		D947FC2F2F1B136300F527DC /* TopRatesViewModelTests.swift in Sources */ = {isa = PBXBuildFile; fileRef = D947FC2E2F1B136300F527DC /* TopRatesViewModelTests.swift */; };
/* End PBXBuildFile section */

/* Begin PBXContainerItemProxy section */
		D947FC272F1B127500F527DC /* PBXContainerItemProxy */ = {
			isa = PBXContainerItemProxy;
			containerPortal = D947FBE82F19B23C00F527DC /* Project object */;
			proxyType = 1;
			remoteGlobalIDString = D947FBEF2F19B23C00F527DC;
			remoteInfo = CencoMoviesSWUI;
		};
/* End PBXContainerItemProxy section */

/* Begin PBXFileReference section */
		D947FBF02F19B23C00F527DC /* CencoMoviesSWUI.app */ = {isa = PBXFileReference; explicitFileType = wrapper.application; includeInIndex = 0; path = CencoMoviesSWUI.app; sourceTree = BUILT_PRODUCTS_DIR; };
		D947FBF32F19B23C00F527DC /* CencoMoviesSWUIApp.swift */ = {isa = PBXFileReference; lastKnownFileType = sourcecode.swift; path = CencoMoviesSWUIApp.swift; sourceTree = "<group>"; };
		D947FBF52F19B23C00F527DC /* ContentView.swift */ = {isa = PBXFileReference; lastKnownFileType = sourcecode.swift; path = ContentView.swift; sourceTree = "<group>"; };
		D947FBF72F19B23E00F527DC /* Assets.xcassets */ = {isa = PBXFileReference; lastKnownFileType = folder.assetcatalog; path = Assets.xcassets; sourceTree = "<group>"; };
		D947FBFA2F19B23E00F527DC /* Preview Assets.xcassets */ = {isa = PBXFileReference; lastKnownFileType = folder.assetcatalog; path = "Preview Assets.xcassets"; sourceTree = "<group>"; };
		D947FC052F19B29500F527DC /* HomeView.swift */ = {isa = PBXFileReference; lastKnownFileType = sourcecode.swift; path = HomeView.swift; sourceTree = "<group>"; };
		D947FC072F19B37100F527DC /* MoviePopularView.swift */ = {isa = PBXFileReference; lastKnownFileType = sourcecode.swift; path = MoviePopularView.swift; sourceTree = "<group>"; };
		D947FC092F19B38300F527DC /* MovieTopRatesView.swift */ = {isa = PBXFileReference; lastKnownFileType = sourcecode.swift; path = MovieTopRatesView.swift; sourceTree = "<group>"; };
		D947FC0B2F19B57600F527DC /* webServicesPopular.swift */ = {isa = PBXFileReference; lastKnownFileType = sourcecode.swift; path = webServicesPopular.swift; sourceTree = "<group>"; };
		D947FC0D2F19B5C500F527DC /* MoviesResult.swift */ = {isa = PBXFileReference; lastKnownFileType = sourcecode.swift; path = MoviesResult.swift; sourceTree = "<group>"; };
		D947FC0F2F19B62D00F527DC /* APIEndpointModel.swift */ = {isa = PBXFileReference; lastKnownFileType = sourcecode.swift; path = APIEndpointModel.swift; sourceTree = "<group>"; };
		D947FC122F19B68700F527DC /* endpointsDev.plist */ = {isa = PBXFileReference; lastKnownFileType = text.plist.xml; path = endpointsDev.plist; sourceTree = "<group>"; };
		D947FC142F19B70900F527DC /* webServicesTopRates.swift */ = {isa = PBXFileReference; lastKnownFileType = sourcecode.swift; path = webServicesTopRates.swift; sourceTree = "<group>"; };
		D947FC162F19B86B00F527DC /* PopularViewModel.swift */ = {isa = PBXFileReference; lastKnownFileType = sourcecode.swift; path = PopularViewModel.swift; sourceTree = "<group>"; };
		D947FC182F19B8A000F527DC /* TopRatesViewModel.swift */ = {isa = PBXFileReference; lastKnownFileType = sourcecode.swift; path = TopRatesViewModel.swift; sourceTree = "<group>"; };
		D947FC1B2F1B076700F527DC /* LaunchView.swift */ = {isa = PBXFileReference; lastKnownFileType = sourcecode.swift; path = LaunchView.swift; sourceTree = "<group>"; };
		D947FC1D2F1B0A5300F527DC /* MovieDetailView.swift */ = {isa = PBXFileReference; lastKnownFileType = sourcecode.swift; path = MovieDetailView.swift; sourceTree = "<group>"; };
		D947FC232F1B127500F527DC /* CencoMoviesSWUITests.xctest */ = {isa = PBXFileReference; explicitFileType = wrapper.cfbundle; includeInIndex = 0; path = CencoMoviesSWUITests.xctest; sourceTree = BUILT_PRODUCTS_DIR; };
		D947FC252F1B127500F527DC /* CencoMoviesSWUITests.swift */ = {isa = PBXFileReference; lastKnownFileType = sourcecode.swift; path = CencoMoviesSWUITests.swift; sourceTree = "<group>"; };
		D947FC2C2F1B12A100F527DC /* PopularViewModelTests.swift */ = {isa = PBXFileReference; lastKnownFileType = sourcecode.swift; path = PopularViewModelTests.swift; sourceTree = "<group>"; };
		D947FC2E2F1B136300F527DC /* TopRatesViewModelTests.swift */ = {isa = PBXFileReference; lastKnownFileType = sourcecode.swift; path = TopRatesViewModelTests.swift; sourceTree = "<group>"; };
/* End PBXFileReference section */

/* Begin PBXFrameworksBuildPhase section */
		D947FBED2F19B23C00F527DC /* Frameworks */ = {
			isa = PBXFrameworksBuildPhase;
			buildActionMask = 2147483647;
			files = (
			);
			runOnlyForDeploymentPostprocessing = 0;
		};
		D947FC202F1B127500F527DC /* Frameworks */ = {
			isa = PBXFrameworksBuildPhase;
			buildActionMask = 2147483647;
			files = (
			);
			runOnlyForDeploymentPostprocessing = 0;
		};
/* End PBXFrameworksBuildPhase section */

/* Begin PBXGroup section */
		D947FBE72F19B23C00F527DC = {
			isa = PBXGroup;
			children = (
				D947FBF22F19B23C00F527DC /* CencoMoviesSWUI */,
				D947FC242F1B127500F527DC /* CencoMoviesSWUITests */,
				D947FBF12F19B23C00F527DC /* Products */,
			);
			sourceTree = "<group>";
		};
		D947FBF12F19B23C00F527DC /* Products */ = {
			isa = PBXGroup;
			children = (
				D947FBF02F19B23C00F527DC /* CencoMoviesSWUI.app */,
				D947FC232F1B127500F527DC /* CencoMoviesSWUITests.xctest */,
			);
			name = Products;
			sourceTree = "<group>";
		};
		D947FBF22F19B23C00F527DC /* CencoMoviesSWUI */ = {
			isa = PBXGroup;
			children = (
				D947FC1A2F1B06F800F527DC /* Laucher */,
				D947FC112F19B65A00F527DC /* EndPoints */,
				D947FC042F19B27000F527DC /* Models */,
				D947FC032F19B26800F527DC /* ViewModels */,
				D947FC022F19B25D00F527DC /* Views */,
				D947FC012F19B25200F527DC /* API */,
				D947FBF32F19B23C00F527DC /* CencoMoviesSWUIApp.swift */,
				D947FBF52F19B23C00F527DC /* ContentView.swift */,
				D947FBF72F19B23E00F527DC /* Assets.xcassets */,
				D947FBF92F19B23E00F527DC /* Preview Content */,
			);
			path = CencoMoviesSWUI;
			sourceTree = "<group>";
		};
		D947FBF92F19B23E00F527DC /* Preview Content */ = {
			isa = PBXGroup;
			children = (
				D947FBFA2F19B23E00F527DC /* Preview Assets.xcassets */,
			);
			path = "Preview Content";
			sourceTree = "<group>";
		};
		D947FC012F19B25200F527DC /* API */ = {
			isa = PBXGroup;
			children = (
				D947FC0B2F19B57600F527DC /* webServicesPopular.swift */,
				D947FC142F19B70900F527DC /* webServicesTopRates.swift */,
			);
			path = API;
			sourceTree = "<group>";
		};
		D947FC022F19B25D00F527DC /* Views */ = {
			isa = PBXGroup;
			children = (
				D947FC052F19B29500F527DC /* HomeView.swift */,
				D947FC072F19B37100F527DC /* MoviePopularView.swift */,
				D947FC092F19B38300F527DC /* MovieTopRatesView.swift */,
				D947FC1D2F1B0A5300F527DC /* MovieDetailView.swift */,
			);
			path = Views;
			sourceTree = "<group>";
		};
		D947FC032F19B26800F527DC /* ViewModels */ = {
			isa = PBXGroup;
			children = (
				D947FC162F19B86B00F527DC /* PopularViewModel.swift */,
				D947FC182F19B8A000F527DC /* TopRatesViewModel.swift */,
			);
			path = ViewModels;
			sourceTree = "<group>";
		};
		D947FC042F19B27000F527DC /* Models */ = {
			isa = PBXGroup;
			children = (
				D947FC0D2F19B5C500F527DC /* MoviesResult.swift */,
				D947FC0F2F19B62D00F527DC /* APIEndpointModel.swift */,
			);
			path = Models;
			sourceTree = "<group>";
		};
		D947FC112F19B65A00F527DC /* EndPoints */ = {
			isa = PBXGroup;
			children = (
				D947FC122F19B68700F527DC /* endpointsDev.plist */,
			);
			path = EndPoints;
			sourceTree = "<group>";
		};
		D947FC1A2F1B06F800F527DC /* Laucher */ = {
			isa = PBXGroup;
			children = (
				D947FC1B2F1B076700F527DC /* LaunchView.swift */,
			);
			path = Laucher;
			sourceTree = "<group>";
		};
		D947FC242F1B127500F527DC /* CencoMoviesSWUITests */ = {
			isa = PBXGroup;
			children = (
				D947FC252F1B127500F527DC /* CencoMoviesSWUITests.swift */,
				D947FC2C2F1B12A100F527DC /* PopularViewModelTests.swift */,
				D947FC2E2F1B136300F527DC /* TopRatesViewModelTests.swift */,
			);
			path = CencoMoviesSWUITests;
			sourceTree = "<group>";
		};
/* End PBXGroup section */

/* Begin PBXNativeTarget section */
		D947FBEF2F19B23C00F527DC /* CencoMoviesSWUI */ = {
			isa = PBXNativeTarget;
			buildConfigurationList = D947FBFE2F19B23E00F527DC /* Build configuration list for PBXNativeTarget "CencoMoviesSWUI" */;
			buildPhases = (
				D947FBEC2F19B23C00F527DC /* Sources */,
				D947FBED2F19B23C00F527DC /* Frameworks */,
				D947FBEE2F19B23C00F527DC /* Resources */,
			);
			buildRules = (
			);
			dependencies = (
			);
			name = CencoMoviesSWUI;
			productName = CencoMoviesSWUI;
			productReference = D947FBF02F19B23C00F527DC /* CencoMoviesSWUI.app */;
			productType = "com.apple.product-type.application";
		};
		D947FC222F1B127500F527DC /* CencoMoviesSWUITests */ = {
			isa = PBXNativeTarget;
			buildConfigurationList = D947FC292F1B127500F527DC /* Build configuration list for PBXNativeTarget "CencoMoviesSWUITests" */;
			buildPhases = (
				D947FC1F2F1B127500F527DC /* Sources */,
				D947FC202F1B127500F527DC /* Frameworks */,
				D947FC212F1B127500F527DC /* Resources */,
			);
			buildRules = (
			);
			dependencies = (
				D947FC282F1B127500F527DC /* PBXTargetDependency */,
			);
			name = CencoMoviesSWUITests;
			productName = CencoMoviesSWUITests;
			productReference = D947FC232F1B127500F527DC /* CencoMoviesSWUITests.xctest */;
			productType = "com.apple.product-type.bundle.unit-test";
		};
/* End PBXNativeTarget section */

/* Begin PBXProject section */
		D947FBE82F19B23C00F527DC /* Project object */ = {
			isa = PBXProject;
			attributes = {
				BuildIndependentTargetsInParallel = 1;
				LastSwiftUpdateCheck = 1520;
				LastUpgradeCheck = 1520;
				TargetAttributes = {
					D947FBEF2F19B23C00F527DC = {
						CreatedOnToolsVersion = 15.2;
					};
					D947FC222F1B127500F527DC = {
						CreatedOnToolsVersion = 15.2;
						TestTargetID = D947FBEF2F19B23C00F527DC;
					};
				};
			};
			buildConfigurationList = D947FBEB2F19B23C00F527DC /* Build configuration list for PBXProject "CencoMoviesSWUI" */;
			compatibilityVersion = "Xcode 14.0";
			developmentRegion = en;
			hasScannedForEncodings = 0;
			knownRegions = (
				en,
				Base,
			);
			mainGroup = D947FBE72F19B23C00F527DC;
			productRefGroup = D947FBF12F19B23C00F527DC /* Products */;
			projectDirPath = "";
			projectRoot = "";
			targets = (
				D947FBEF2F19B23C00F527DC /* CencoMoviesSWUI */,
				D947FC222F1B127500F527DC /* CencoMoviesSWUITests */,
			);
		};
/* End PBXProject section */

/* Begin PBXResourcesBuildPhase section */
		D947FBEE2F19B23C00F527DC /* Resources */ = {
			isa = PBXResourcesBuildPhase;
			buildActionMask = 2147483647;
			files = (
				D947FC132F19B68700F527DC /* endpointsDev.plist in Resources */,
				D947FBFB2F19B23E00F527DC /* Preview Assets.xcassets in Resources */,
				D947FBF82F19B23E00F527DC /* Assets.xcassets in Resources */,
			);
			runOnlyForDeploymentPostprocessing = 0;
		};
		D947FC212F1B127500F527DC /* Resources */ = {
			isa = PBXResourcesBuildPhase;
			buildActionMask = 2147483647;
			files = (
			);
			runOnlyForDeploymentPostprocessing = 0;
		};
/* End PBXResourcesBuildPhase section */

/* Begin PBXSourcesBuildPhase section */
		D947FBEC2F19B23C00F527DC /* Sources */ = {
			isa = PBXSourcesBuildPhase;
			buildActionMask = 2147483647;
			files = (
				D947FC062F19B29500F527DC /* HomeView.swift in Sources */,
				D947FC1C2F1B076700F527DC /* LaunchView.swift in Sources */,
				D947FBF62F19B23C00F527DC /* ContentView.swift in Sources */,
				D947FC0C2F19B57600F527DC /* webServicesPopular.swift in Sources */,
				D947FBF42F19B23C00F527DC /* CencoMoviesSWUIApp.swift in Sources */,
				D947FC0A2F19B38300F527DC /* MovieTopRatesView.swift in Sources */,
				D947FC102F19B62D00F527DC /* APIEndpointModel.swift in Sources */,
				D947FC1E2F1B0A5300F527DC /* MovieDetailView.swift in Sources */,
				D947FC172F19B86B00F527DC /* PopularViewModel.swift in Sources */,
				D947FC152F19B70900F527DC /* webServicesTopRates.swift in Sources */,
				D947FC082F19B37100F527DC /* MoviePopularView.swift in Sources */,
				D947FC192F19B8A000F527DC /* TopRatesViewModel.swift in Sources */,
				D947FC0E2F19B5C500F527DC /* MoviesResult.swift in Sources */,
			);
			runOnlyForDeploymentPostprocessing = 0;
		};
		D947FC1F2F1B127500F527DC /* Sources */ = {
			isa = PBXSourcesBuildPhase;
			buildActionMask = 2147483647;
			files = (
				D947FC2D2F1B12A100F527DC /* PopularViewModelTests.swift in Sources */,
				D947FC262F1B127500F527DC /* CencoMoviesSWUITests.swift in Sources */,
				D947FC2F2F1B136300F527DC /* TopRatesViewModelTests.swift in Sources */,
			);
			runOnlyForDeploymentPostprocessing = 0;
		};
/* End PBXSourcesBuildPhase section */

/* Begin PBXTargetDependency section */
		D947FC282F1B127500F527DC /* PBXTargetDependency */ = {
			isa = PBXTargetDependency;
			target = D947FBEF2F19B23C00F527DC /* CencoMoviesSWUI */;
			targetProxy = D947FC272F1B127500F527DC /* PBXContainerItemProxy */;
		};
/* End PBXTargetDependency section */

/* Begin XCBuildConfiguration section */
		D947FBFC2F19B23E00F527DC /* Debug */ = {
			isa = XCBuildConfiguration;
			buildSettings = {
				ALWAYS_SEARCH_USER_PATHS = NO;
				ASSETCATALOG_COMPILER_GENERATE_SWIFT_ASSET_SYMBOL_EXTENSIONS = YES;
				CLANG_ANALYZER_NONNULL = YES;
				CLANG_ANALYZER_NUMBER_OBJECT_CONVERSION = YES_AGGRESSIVE;
				CLANG_CXX_LANGUAGE_STANDARD = "gnu++20";
				CLANG_ENABLE_MODULES = YES;
				CLANG_ENABLE_OBJC_ARC = YES;
				CLANG_ENABLE_OBJC_WEAK = YES;
				CLANG_WARN_BLOCK_CAPTURE_AUTORELEASING = YES;
				CLANG_WARN_BOOL_CONVERSION = YES;
				CLANG_WARN_COMMA = YES;
				CLANG_WARN_CONSTANT_CONVERSION = YES;
				CLANG_WARN_DEPRECATED_OBJC_IMPLEMENTATIONS = YES;
				CLANG_WARN_DIRECT_OBJC_ISA_USAGE = YES_ERROR;
				CLANG_WARN_DOCUMENTATION_COMMENTS = YES;
				CLANG_WARN_EMPTY_BODY = YES;
				CLANG_WARN_ENUM_CONVERSION = YES;
				CLANG_WARN_INFINITE_RECURSION = YES;
				CLANG_WARN_INT_CONVERSION = YES;
				CLANG_WARN_NON_LITERAL_NULL_CONVERSION = YES;
				CLANG_WARN_OBJC_IMPLICIT_RETAIN_SELF = YES;
				CLANG_WARN_OBJC_LITERAL_CONVERSION = YES;
				CLANG_WARN_OBJC_ROOT_CLASS = YES_ERROR;
				CLANG_WARN_QUOTED_INCLUDE_IN_FRAMEWORK_HEADER = YES;
				CLANG_WARN_RANGE_LOOP_ANALYSIS = YES;
				CLANG_WARN_STRICT_PROTOTYPES = YES;
				CLANG_WARN_SUSPICIOUS_MOVE = YES;
				CLANG_WARN_UNGUARDED_AVAILABILITY = YES_AGGRESSIVE;
				CLANG_WARN_UNREACHABLE_CODE = YES;
				CLANG_WARN__DUPLICATE_METHOD_MATCH = YES;
				COPY_PHASE_STRIP = NO;
				DEBUG_INFORMATION_FORMAT = dwarf;
				ENABLE_STRICT_OBJC_MSGSEND = YES;
				ENABLE_TESTABILITY = YES;
				ENABLE_USER_SCRIPT_SANDBOXING = YES;
				GCC_C_LANGUAGE_STANDARD = gnu17;
				GCC_DYNAMIC_NO_PIC = NO;
				GCC_NO_COMMON_BLOCKS = YES;
				GCC_OPTIMIZATION_LEVEL = 0;
				GCC_PREPROCESSOR_DEFINITIONS = (
					"DEBUG=1",
					"$(inherited)",
				);
				GCC_WARN_64_TO_32_BIT_CONVERSION = YES;
				GCC_WARN_ABOUT_RETURN_TYPE = YES_ERROR;
				GCC_WARN_UNDECLARED_SELECTOR = YES;
				GCC_WARN_UNINITIALIZED_AUTOS = YES_AGGRESSIVE;
				GCC_WARN_UNUSED_FUNCTION = YES;
				GCC_WARN_UNUSED_VARIABLE = YES;
				IPHONEOS_DEPLOYMENT_TARGET = 17.2;
				LOCALIZATION_PREFERS_STRING_CATALOGS = YES;
				MTL_ENABLE_DEBUG_INFO = INCLUDE_SOURCE;
				MTL_FAST_MATH = YES;
				ONLY_ACTIVE_ARCH = YES;
				SDKROOT = iphoneos;
				SWIFT_ACTIVE_COMPILATION_CONDITIONS = "DEBUG $(inherited)";
				SWIFT_OPTIMIZATION_LEVEL = "-Onone";
			};
			name = Debug;
		};
		D947FBFD2F19B23E00F527DC /* Release */ = {
			isa = XCBuildConfiguration;
			buildSettings = {
				ALWAYS_SEARCH_USER_PATHS = NO;
				ASSETCATALOG_COMPILER_GENERATE_SWIFT_ASSET_SYMBOL_EXTENSIONS = YES;
				CLANG_ANALYZER_NONNULL = YES;
				CLANG_ANALYZER_NUMBER_OBJECT_CONVERSION = YES_AGGRESSIVE;
				CLANG_CXX_LANGUAGE_STANDARD = "gnu++20";
				CLANG_ENABLE_MODULES = YES;
				CLANG_ENABLE_OBJC_ARC = YES;
				CLANG_ENABLE_OBJC_WEAK = YES;
				CLANG_WARN_BLOCK_CAPTURE_AUTORELEASING = YES;
				CLANG_WARN_BOOL_CONVERSION = YES;
				CLANG_WARN_COMMA = YES;
				CLANG_WARN_CONSTANT_CONVERSION = YES;
				CLANG_WARN_DEPRECATED_OBJC_IMPLEMENTATIONS = YES;
				CLANG_WARN_DIRECT_OBJC_ISA_USAGE = YES_ERROR;
				CLANG_WARN_DOCUMENTATION_COMMENTS = YES;
				CLANG_WARN_EMPTY_BODY = YES;
				CLANG_WARN_ENUM_CONVERSION = YES;
				CLANG_WARN_INFINITE_RECURSION = YES;
				CLANG_WARN_INT_CONVERSION = YES;
				CLANG_WARN_NON_LITERAL_NULL_CONVERSION = YES;
				CLANG_WARN_OBJC_IMPLICIT_RETAIN_SELF = YES;
				CLANG_WARN_OBJC_LITERAL_CONVERSION = YES;
				CLANG_WARN_OBJC_ROOT_CLASS = YES_ERROR;
				CLANG_WARN_QUOTED_INCLUDE_IN_FRAMEWORK_HEADER = YES;
				CLANG_WARN_RANGE_LOOP_ANALYSIS = YES;
				CLANG_WARN_STRICT_PROTOTYPES = YES;
				CLANG_WARN_SUSPICIOUS_MOVE = YES;
				CLANG_WARN_UNGUARDED_AVAILABILITY = YES_AGGRESSIVE;
				CLANG_WARN_UNREACHABLE_CODE = YES;
				CLANG_WARN__DUPLICATE_METHOD_MATCH = YES;
				COPY_PHASE_STRIP = NO;
				DEBUG_INFORMATION_FORMAT = "dwarf-with-dsym";
				ENABLE_NS_ASSERTIONS = NO;
				ENABLE_STRICT_OBJC_MSGSEND = YES;
				ENABLE_USER_SCRIPT_SANDBOXING = YES;
				GCC_C_LANGUAGE_STANDARD = gnu17;
				GCC_NO_COMMON_BLOCKS = YES;
				GCC_WARN_64_TO_32_BIT_CONVERSION = YES;
				GCC_WARN_ABOUT_RETURN_TYPE = YES_ERROR;
				GCC_WARN_UNDECLARED_SELECTOR = YES;
				GCC_WARN_UNINITIALIZED_AUTOS = YES_AGGRESSIVE;
				GCC_WARN_UNUSED_FUNCTION = YES;
				GCC_WARN_UNUSED_VARIABLE = YES;
				IPHONEOS_DEPLOYMENT_TARGET = 17.2;
				LOCALIZATION_PREFERS_STRING_CATALOGS = YES;
				MTL_ENABLE_DEBUG_INFO = NO;
				MTL_FAST_MATH = YES;
				SDKROOT = iphoneos;
				SWIFT_COMPILATION_MODE = wholemodule;
				VALIDATE_PRODUCT = YES;
			};
			name = Release;
		};
		D947FBFF2F19B23E00F527DC /* Debug */ = {
			isa = XCBuildConfiguration;
			buildSettings = {
				ASSETCATALOG_COMPILER_APPICON_NAME = AppIcon;
				ASSETCATALOG_COMPILER_GLOBAL_ACCENT_COLOR_NAME = AccentColor;
				CODE_SIGN_STYLE = Automatic;
				CURRENT_PROJECT_VERSION = 1;
				DEVELOPMENT_ASSET_PATHS = "\"CencoMoviesSWUI/Preview Content\"";
				DEVELOPMENT_TEAM = 2U7FA696SS;
				ENABLE_PREVIEWS = YES;
				GENERATE_INFOPLIST_FILE = YES;
				INFOPLIST_KEY_UIApplicationSceneManifest_Generation = YES;
				INFOPLIST_KEY_UIApplicationSupportsIndirectInputEvents = YES;
				INFOPLIST_KEY_UILaunchScreen_Generation = YES;
				INFOPLIST_KEY_UISupportedInterfaceOrientations_iPad = "UIInterfaceOrientationPortrait UIInterfaceOrientationPortraitUpsideDown UIInterfaceOrientationLandscapeLeft UIInterfaceOrientationLandscapeRight";
				INFOPLIST_KEY_UISupportedInterfaceOrientations_iPhone = "UIInterfaceOrientationPortrait UIInterfaceOrientationLandscapeLeft UIInterfaceOrientationLandscapeRight";
				LD_RUNPATH_SEARCH_PATHS = (
					"$(inherited)",
					"@executable_path/Frameworks",
				);
				MARKETING_VERSION = 1.0;
				PRODUCT_BUNDLE_IDENTIFIER = korbek.CencoMoviesSWUI;
				PRODUCT_NAME = "$(TARGET_NAME)";
				SWIFT_EMIT_LOC_STRINGS = YES;
				SWIFT_VERSION = 5.0;
				TARGETED_DEVICE_FAMILY = "1,2";
			};
			name = Debug;
		};
		D947FC002F19B23E00F527DC /* Release */ = {
			isa = XCBuildConfiguration;
			buildSettings = {
				ASSETCATALOG_COMPILER_APPICON_NAME = AppIcon;
				ASSETCATALOG_COMPILER_GLOBAL_ACCENT_COLOR_NAME = AccentColor;
				CODE_SIGN_STYLE = Automatic;
				CURRENT_PROJECT_VERSION = 1;
				DEVELOPMENT_ASSET_PATHS = "\"CencoMoviesSWUI/Preview Content\"";
				DEVELOPMENT_TEAM = 2U7FA696SS;
				ENABLE_PREVIEWS = YES;
				GENERATE_INFOPLIST_FILE = YES;
				INFOPLIST_KEY_UIApplicationSceneManifest_Generation = YES;
				INFOPLIST_KEY_UIApplicationSupportsIndirectInputEvents = YES;
				INFOPLIST_KEY_UILaunchScreen_Generation = YES;
				INFOPLIST_KEY_UISupportedInterfaceOrientations_iPad = "UIInterfaceOrientationPortrait UIInterfaceOrientationPortraitUpsideDown UIInterfaceOrientationLandscapeLeft UIInterfaceOrientationLandscapeRight";
				INFOPLIST_KEY_UISupportedInterfaceOrientations_iPhone = "UIInterfaceOrientationPortrait UIInterfaceOrientationLandscapeLeft UIInterfaceOrientationLandscapeRight";
				LD_RUNPATH_SEARCH_PATHS = (
					"$(inherited)",
					"@executable_path/Frameworks",
				);
				MARKETING_VERSION = 1.0;
				PRODUCT_BUNDLE_IDENTIFIER = korbek.CencoMoviesSWUI;
				PRODUCT_NAME = "$(TARGET_NAME)";
				SWIFT_EMIT_LOC_STRINGS = YES;
				SWIFT_VERSION = 5.0;
				TARGETED_DEVICE_FAMILY = "1,2";
			};
			name = Release;
		};
		D947FC2A2F1B127500F527DC /* Debug */ = {
			isa = XCBuildConfiguration;
			buildSettings = {
				BUNDLE_LOADER = "$(TEST_HOST)";
				CODE_SIGN_STYLE = Automatic;
				CURRENT_PROJECT_VERSION = 1;
				DEVELOPMENT_TEAM = 2U7FA696SS;
				GENERATE_INFOPLIST_FILE = YES;
				MARKETING_VERSION = 1.0;
				PRODUCT_BUNDLE_IDENTIFIER = korbek.CencoMoviesSWUITests;
				PRODUCT_NAME = "$(TARGET_NAME)";
				SWIFT_EMIT_LOC_STRINGS = NO;
				SWIFT_VERSION = 5.0;
				TARGETED_DEVICE_FAMILY = "1,2";
				TEST_HOST = "$(BUILT_PRODUCTS_DIR)/CencoMoviesSWUI.app/$(BUNDLE_EXECUTABLE_FOLDER_PATH)/CencoMoviesSWUI";
			};
			name = Debug;
		};
		D947FC2B2F1B127500F527DC /* Release */ = {
			isa = XCBuildConfiguration;
			buildSettings = {
				BUNDLE_LOADER = "$(TEST_HOST)";
				CODE_SIGN_STYLE = Automatic;
				CURRENT_PROJECT_VERSION = 1;
				DEVELOPMENT_TEAM = 2U7FA696SS;
				GENERATE_INFOPLIST_FILE = YES;
				MARKETING_VERSION = 1.0;
				PRODUCT_BUNDLE_IDENTIFIER = korbek.CencoMoviesSWUITests;
				PRODUCT_NAME = "$(TARGET_NAME)";
				SWIFT_EMIT_LOC_STRINGS = NO;
				SWIFT_VERSION = 5.0;
				TARGETED_DEVICE_FAMILY = "1,2";
				TEST_HOST = "$(BUILT_PRODUCTS_DIR)/CencoMoviesSWUI.app/$(BUNDLE_EXECUTABLE_FOLDER_PATH)/CencoMoviesSWUI";
			};
			name = Release;
		};
/* End XCBuildConfiguration section */

/* Begin XCConfigurationList section */
		D947FBEB2F19B23C00F527DC /* Build configuration list for PBXProject "CencoMoviesSWUI" */ = {
			isa = XCConfigurationList;
			buildConfigurations = (
				D947FBFC2F19B23E00F527DC /* Debug */,
				D947FBFD2F19B23E00F527DC /* Release */,
			);
			defaultConfigurationIsVisible = 0;
			defaultConfigurationName = Release;
		};
		D947FBFE2F19B23E00F527DC /* Build configuration list for PBXNativeTarget "CencoMoviesSWUI" */ = {
			isa = XCConfigurationList;
			buildConfigurations = (
				D947FBFF2F19B23E00F527DC /* Debug */,
				D947FC002F19B23E00F527DC /* Release */,
			);
			defaultConfigurationIsVisible = 0;
			defaultConfigurationName = Release;
		};
		D947FC292F1B127500F527DC /* Build configuration list for PBXNativeTarget "CencoMoviesSWUITests" */ = {
			isa = XCConfigurationList;
			buildConfigurations = (
				D947FC2A2F1B127500F527DC /* Debug */,
				D947FC2B2F1B127500F527DC /* Release */,
			);
			defaultConfigurationIsVisible = 0;
			defaultConfigurationName = Release;
		};
/* End XCConfigurationList section */
	};
	rootObject = D947FBE82F19B23C00F527DC /* Project object */;
}
